
Microsoft Visual Studio Solution File, Format Version 12.00
# Visual Studio 15
VisualStudioVersion = 15.0.25928.0
MinimumVisualStudioVersion = 10.0.40219.1
Project("{9A19103F-16F7-4668-BE54-9A1E7A4F7556}") = "ContactsBot", "ContactsBot\ContactsBot.csproj", "{5318A6B9-6A70-4F84-B565-C98370B0091E}"
EndProject
Global
	GlobalSection(SolutionConfigurationPlatforms) = preSolution
		Debug|Any CPU = Debug|Any CPU
		Debug|x64 = Debug|x64
		Debug|x86 = Debug|x86
		Release|Any CPU = Release|Any CPU
		Release|x64 = Release|x64
		Release|x86 = Release|x86
	EndGlobalSection
	GlobalSection(ProjectConfigurationPlatforms) = postSolution
		{5318A6B9-6A70-4F84-B565-C98370B0091E}.Debug|Any CPU.ActiveCfg = Debug|Any CPU
		{5318A6B9-6A70-4F84-B565-C98370B0091E}.Debug|Any CPU.Build.0 = Debug|Any CPU
		{5318A6B9-6A70-4F84-B565-C98370B0091E}.Debug|x64.ActiveCfg = Debug|Any CPU
		{5318A6B9-6A70-4F84-B565-C98370B0091E}.Debug|x64.Build.0 = Debug|Any CPU
		{5318A6B9-6A70-4F84-B565-C98370B0091E}.Debug|x86.ActiveCfg = Debug|Any CPU
		{5318A6B9-6A70-4F84-B565-C98370B0091E}.Debug|x86.Build.0 = Debug|Any CPU
		{5318A6B9-6A70-4F84-B565-C98370B0091E}.Release|Any CPU.ActiveCfg = Release|Any CPU
		{5318A6B9-6A70-4F84-B565-C98370B0091E}.Release|Any CPU.Build.0 = Release|Any CPU
		{5318A6B9-6A70-4F84-B565-C98370B0091E}.Release|x64.ActiveCfg = Release|Any CPU
		{5318A6B9-6A70-4F84-B565-C98370B0091E}.Release|x64.Build.0 = Release|Any CPU
		{5318A6B9-6A70-4F84-B565-C98370B0091E}.Release|x86.ActiveCfg = Release|Any CPU
		{5318A6B9-6A70-4F84-B565-C98370B0091E}.Release|x86.Build.0 = Release|Any CPU
	EndGlobalSection
	GlobalSection(SolutionProperties) = preSolution
		HideSolutionNode = FALSE
	EndGlobalSection
EndGlobal
