
Microsoft Visual Studio Solution File, Format Version 12.00
# Visual Studio 15
VisualStudioVersion = 15.0.25920.0
MinimumVisualStudioVersion = 10.0.40219.1
Project("{9A19103F-16F7-4668-BE54-9A1E7A4F7556}") = "Services", "Services\Services.csproj", "{1CF52B18-115D-4DF9-A946-E34312920C72}"
EndProject
Project("{9A19103F-16F7-4668-BE54-9A1E7A4F7556}") = "Discord", "Discord\Discord.csproj", "{9C5F4B24-D387-4497-A7FC-909B0966883C}"
	ProjectSection(ProjectDependencies) = postProject
		{1CF52B18-115D-4DF9-A946-E34312920C72} = {1CF52B18-115D-4DF9-A946-E34312920C72}
	EndProjectSection
EndProject
Global
	GlobalSection(SolutionConfigurationPlatforms) = preSolution
		Debug|Any CPU = Debug|Any CPU
		Debug|x64 = Debug|x64
		Debug|x86 = Debug|x86
		Release|Any CPU = Release|Any CPU
		Release|x64 = Release|x64
		Release|x86 = Release|x86
	EndGlobalSection
	GlobalSection(ProjectConfigurationPlatforms) = postSolution
		{1CF52B18-115D-4DF9-A946-E34312920C72}.Debug|Any CPU.ActiveCfg = Debug|Any CPU
		{1CF52B18-115D-4DF9-A946-E34312920C72}.Debug|Any CPU.Build.0 = Debug|Any CPU
		{1CF52B18-115D-4DF9-A946-E34312920C72}.Debug|x64.ActiveCfg = Debug|Any CPU
		{1CF52B18-115D-4DF9-A946-E34312920C72}.Debug|x64.Build.0 = Debug|Any CPU
		{1CF52B18-115D-4DF9-A946-E34312920C72}.Debug|x86.ActiveCfg = Debug|Any CPU
		{1CF52B18-115D-4DF9-A946-E34312920C72}.Debug|x86.Build.0 = Debug|Any CPU
		{1CF52B18-115D-4DF9-A946-E34312920C72}.Release|Any CPU.ActiveCfg = Release|Any CPU
		{1CF52B18-115D-4DF9-A946-E34312920C72}.Release|Any CPU.Build.0 = Release|Any CPU
		{1CF52B18-115D-4DF9-A946-E34312920C72}.Release|x64.ActiveCfg = Release|Any CPU
		{1CF52B18-115D-4DF9-A946-E34312920C72}.Release|x64.Build.0 = Release|Any CPU
		{1CF52B18-115D-4DF9-A946-E34312920C72}.Release|x86.ActiveCfg = Release|Any CPU
		{1CF52B18-115D-4DF9-A946-E34312920C72}.Release|x86.Build.0 = Release|Any CPU
		{9C5F4B24-D387-4497-A7FC-909B0966883C}.Debug|Any CPU.ActiveCfg = Debug|Any CPU
		{9C5F4B24-D387-4497-A7FC-909B0966883C}.Debug|Any CPU.Build.0 = Debug|Any CPU
		{9C5F4B24-D387-4497-A7FC-909B0966883C}.Debug|x64.ActiveCfg = Debug|Any CPU
		{9C5F4B24-D387-4497-A7FC-909B0966883C}.Debug|x64.Build.0 = Debug|Any CPU
		{9C5F4B24-D387-4497-A7FC-909B0966883C}.Debug|x86.ActiveCfg = Debug|Any CPU
		{9C5F4B24-D387-4497-A7FC-909B0966883C}.Debug|x86.Build.0 = Debug|Any CPU
		{9C5F4B24-D387-4497-A7FC-909B0966883C}.Release|Any CPU.ActiveCfg = Release|Any CPU
		{9C5F4B24-D387-4497-A7FC-909B0966883C}.Release|Any CPU.Build.0 = Release|Any CPU
		{9C5F4B24-D387-4497-A7FC-909B0966883C}.Release|x64.ActiveCfg = Release|Any CPU
		{9C5F4B24-D387-4497-A7FC-909B0966883C}.Release|x64.Build.0 = Release|Any CPU
		{9C5F4B24-D387-4497-A7FC-909B0966883C}.Release|x86.ActiveCfg = Release|Any CPU
		{9C5F4B24-D387-4497-A7FC-909B0966883C}.Release|x86.Build.0 = Release|Any CPU
	EndGlobalSection
	GlobalSection(SolutionProperties) = preSolution
		HideSolutionNode = FALSE
	EndGlobalSection
EndGlobal
